
Microsoft Visual Studio Solution File, Format Version 12.00
# Visual Studio Version 17
VisualStudioVersion = 17.9.34728.123
MinimumVisualStudioVersion = 10.0.40219.1
Project("{FAE04EC0-301F-11D3-BF4B-00C04F79EFBC}") = "课件帮PPT助手", "课件帮PPT助手.csproj", "{484F501F-0CBA-483A-8C3D-B3678B99640C}"
EndProject
Global
	GlobalSection(SolutionConfigurationPlatforms) = preSolution
		Debug|Any CPU = Debug|Any CPU
		Release|Any CPU = Release|Any CPU
	EndGlobalSection
	GlobalSection(ProjectConfigurationPlatforms) = postSolution
		{484F501F-0CBA-483A-8C3D-B3678B99640C}.Debug|Any CPU.ActiveCfg = Debug|Any CPU
		{484F501F-0CBA-483A-8C3D-B3678B99640C}.Debug|Any CPU.Build.0 = Debug|Any CPU
		{484F501F-0CBA-483A-8C3D-B3678B99640C}.Release|Any CPU.ActiveCfg = Release|Any CPU
		{484F501F-0CBA-483A-8C3D-B3678B99640C}.Release|Any CPU.Build.0 = Release|Any CPU
	EndGlobalSection
	GlobalSection(SolutionProperties) = preSolution
		HideSolutionNode = FALSE
	EndGlobalSection
	GlobalSection(ExtensibilityGlobals) = postSolution
		SolutionGuid = {92287DB2-040E-4EDD-9C23-4177B55D7E25}
	EndGlobalSection
EndGlobal
